
Microsoft Visual Studio Solution File, Format Version 12.00
# Visual Studio Version 17
VisualStudioVersion = 17.9.34701.34
MinimumVisualStudioVersion = 10.0.40219.1
Project("{FAE04EC0-301F-11D3-BF4B-00C04F79EFBC}") = "LabTask#14", "LabTask#14\LabTask#14.csproj", "{264861ED-5334-4FBC-A85F-239702AE6EF3}"
EndProject
Global
	GlobalSection(SolutionConfigurationPlatforms) = preSolution
		Debug|Any CPU = Debug|Any CPU
		Release|Any CPU = Release|Any CPU
	EndGlobalSection
	GlobalSection(ProjectConfigurationPlatforms) = postSolution
		{264861ED-5334-4FBC-A85F-239702AE6EF3}.Debug|Any CPU.ActiveCfg = Debug|Any CPU
		{264861ED-5334-4FBC-A85F-239702AE6EF3}.Debug|Any CPU.Build.0 = Debug|Any CPU
		{264861ED-5334-4FBC-A85F-239702AE6EF3}.Release|Any CPU.ActiveCfg = Release|Any CPU
		{264861ED-5334-4FBC-A85F-239702AE6EF3}.Release|Any CPU.Build.0 = Release|Any CPU
	EndGlobalSection
	GlobalSection(SolutionProperties) = preSolution
		HideSolutionNode = FALSE
	EndGlobalSection
	GlobalSection(ExtensibilityGlobals) = postSolution
		SolutionGuid = {B2DA0AD7-382E-4036-9AB7-12C4B8E0C60E}
	EndGlobalSection
EndGlobal
